
Microsoft Visual Studio Solution File, Format Version 12.00
# Visual Studio Version 17
VisualStudioVersion = 17.0.31903.59
MinimumVisualStudioVersion = 10.0.40219.1
Project("{2150E333-8FDC-42A3-9474-1A3956D46DE8}") = "RedisNetCore", "RedisNetCore", "{4D762BD5-FCDB-FB0B-1E5C-0C2B7B8EF8FE}"
EndProject
Project("{2150E333-8FDC-42A3-9474-1A3956D46DE8}") = "01_Introduction", "01_Introduction", "{BF99A9DB-FA78-6E3A-4ED1-56EF9B807B99}"
EndProject
Project("{FAE04EC0-301F-11D3-BF4B-00C04F79EFBC}") = "01_Connect", "RedisNetCore\01_Introduction\01_Connect\01_Connect.csproj", "{3D3F44F8-4B07-4015-9903-35688A4B7D83}"
EndProject
Project("{FAE04EC0-301F-11D3-BF4B-00C04F79EFBC}") = "02_Pipelining", "RedisNetCore\01_Introduction\02_Pipelining\02_Pipelining.csproj", "{5A02DAA4-07D4-48A2-8F11-B001D3DC0376}"
EndProject
Project("{2150E333-8FDC-42A3-9474-1A3956D46DE8}") = "02_DataStructures", "02_DataStructures", "{F3A35AF3-F202-85A3-B1E2-CF34622BAF72}"
EndProject
Project("{FAE04EC0-301F-11D3-BF4B-00C04F79EFBC}") = "01_RedisStrings", "RedisNetCore\02_DataStructures\01_RedisStrings\01_RedisStrings.csproj", "{3587B8A6-CD7F-4CA5-B976-D9A5E8FA3FD4}"
EndProject
Project("{FAE04EC0-301F-11D3-BF4B-00C04F79EFBC}") = "02_RedisHashes", "RedisNetCore\02_DataStructures\02_RedisHashes\02_RedisHashes.csproj", "{66A211CB-319D-4FAE-AC4D-B5EB73B4E3F3}"
EndProject
Project("{FAE04EC0-301F-11D3-BF4B-00C04F79EFBC}") = "03_RedisSets", "RedisNetCore\02_DataStructures\03_RedisSets\03_RedisSets.csproj", "{3156768F-8998-4314-A75C-D3CCF13D8934}"
EndProject
Project("{FAE04EC0-301F-11D3-BF4B-00C04F79EFBC}") = "04_RedisSortedSets", "RedisNetCore\02_DataStructures\04_RedisSortedSets\04_RedisSortedSets.csproj", "{CDA921A4-9CDE-4360-83EC-D45CB4B99660}"
EndProject
Project("{FAE04EC0-301F-11D3-BF4B-00C04F79EFBC}") = "05_RedisLists", "RedisNetCore\02_DataStructures\05_RedisLists\05_RedisLists.csproj", "{FD713E85-55D4-4842-A755-5119F1C21121}"
EndProject
Project("{FAE04EC0-301F-11D3-BF4B-00C04F79EFBC}") = "06_RedisBitmaps", "RedisNetCore\02_DataStructures\06_RedisBitmaps\06_RedisBitmaps.csproj", "{F032F3A0-8A21-48E4-81B5-E4064313C9D2}"
EndProject
Project("{FAE04EC0-301F-11D3-BF4B-00C04F79EFBC}") = "07_RedisTransactions", "RedisNetCore\02_DataStructures\07_RedisTransactions\07_RedisTransactions.csproj", "{20B58F39-D57E-4EEB-9328-B5B980623BD1}"
EndProject
Project("{FAE04EC0-301F-11D3-BF4B-00C04F79EFBC}") = "08_RedisPubSub", "RedisNetCore\02_DataStructures\08_RedisPubSub\08_RedisPubSub.csproj", "{7B49901E-622B-4603-BED4-AD7D4F321E34}"
EndProject
Project("{FAE04EC0-301F-11D3-BF4B-00C04F79EFBC}") = "09_RedisStreams", "RedisNetCore\02_DataStructures\09_RedisStreams\09_RedisStreams.csproj", "{36C3ACEA-7A2A-46E8-9EB7-4813A6D34706}"
EndProject
Project("{FAE04EC0-301F-11D3-BF4B-00C04F79EFBC}") = "10_RedisGeo", "RedisNetCore\02_DataStructures\10_RedisGeo\10_RedisGeo.csproj", "{81D09009-E36A-4C0B-8974-594814496649}"
EndProject
Project("{2150E333-8FDC-42A3-9474-1A3956D46DE8}") = "03_ASPNETCore", "03_ASPNETCore", "{4754C879-9AC1-2115-DFC2-A1D11AB282FC}"
EndProject
Project("{FAE04EC0-301F-11D3-BF4B-00C04F79EFBC}") = "01_RedisStrings", "RedisNetCore\03_ASPNETCore\01_RedisStrings\01_RedisStrings.csproj", "{72A058B9-5859-42D0-BDFC-BC2A1ACCF955}"
EndProject
Project("{FAE04EC0-301F-11D3-BF4B-00C04F79EFBC}") = "02_RedisHashes", "RedisNetCore\03_ASPNETCore\02_RedisHashes\02_RedisHashes.csproj", "{A7CAA2B6-DAC6-498C-8628-9ADDA4557452}"
EndProject
Project("{FAE04EC0-301F-11D3-BF4B-00C04F79EFBC}") = "03_RedisSets", "RedisNetCore\03_ASPNETCore\03_RedisSets\03_RedisSets.csproj", "{CEE1F34C-5D28-4960-8E52-7D55B6FAA7F6}"
EndProject
Project("{FAE04EC0-301F-11D3-BF4B-00C04F79EFBC}") = "04_RedisSortedSets", "RedisNetCore\03_ASPNETCore\04_RedisSortedSets\04_RedisSortedSets.csproj", "{DF3C18ED-324E-4F2C-A768-988C209E3C6C}"
EndProject
Global
	GlobalSection(SolutionConfigurationPlatforms) = preSolution
		Debug|Any CPU = Debug|Any CPU
		Debug|x64 = Debug|x64
		Debug|x86 = Debug|x86
		Release|Any CPU = Release|Any CPU
		Release|x64 = Release|x64
		Release|x86 = Release|x86
	EndGlobalSection
	GlobalSection(ProjectConfigurationPlatforms) = postSolution
		{3D3F44F8-4B07-4015-9903-35688A4B7D83}.Debug|Any CPU.ActiveCfg = Debug|Any CPU
		{3D3F44F8-4B07-4015-9903-35688A4B7D83}.Debug|Any CPU.Build.0 = Debug|Any CPU
		{3D3F44F8-4B07-4015-9903-35688A4B7D83}.Debug|x64.ActiveCfg = Debug|Any CPU
		{3D3F44F8-4B07-4015-9903-35688A4B7D83}.Debug|x64.Build.0 = Debug|Any CPU
		{3D3F44F8-4B07-4015-9903-35688A4B7D83}.Debug|x86.ActiveCfg = Debug|Any CPU
		{3D3F44F8-4B07-4015-9903-35688A4B7D83}.Debug|x86.Build.0 = Debug|Any CPU
		{3D3F44F8-4B07-4015-9903-35688A4B7D83}.Release|Any CPU.ActiveCfg = Release|Any CPU
		{3D3F44F8-4B07-4015-9903-35688A4B7D83}.Release|Any CPU.Build.0 = Release|Any CPU
		{3D3F44F8-4B07-4015-9903-35688A4B7D83}.Release|x64.ActiveCfg = Release|Any CPU
		{3D3F44F8-4B07-4015-9903-35688A4B7D83}.Release|x64.Build.0 = Release|Any CPU
		{3D3F44F8-4B07-4015-9903-35688A4B7D83}.Release|x86.ActiveCfg = Release|Any CPU
		{3D3F44F8-4B07-4015-9903-35688A4B7D83}.Release|x86.Build.0 = Release|Any CPU
		{5A02DAA4-07D4-48A2-8F11-B001D3DC0376}.Debug|Any CPU.ActiveCfg = Debug|Any CPU
		{5A02DAA4-07D4-48A2-8F11-B001D3DC0376}.Debug|Any CPU.Build.0 = Debug|Any CPU
		{5A02DAA4-07D4-48A2-8F11-B001D3DC0376}.Debug|x64.ActiveCfg = Debug|Any CPU
		{5A02DAA4-07D4-48A2-8F11-B001D3DC0376}.Debug|x64.Build.0 = Debug|Any CPU
		{5A02DAA4-07D4-48A2-8F11-B001D3DC0376}.Debug|x86.ActiveCfg = Debug|Any CPU
		{5A02DAA4-07D4-48A2-8F11-B001D3DC0376}.Debug|x86.Build.0 = Debug|Any CPU
		{5A02DAA4-07D4-48A2-8F11-B001D3DC0376}.Release|Any CPU.ActiveCfg = Release|Any CPU
		{5A02DAA4-07D4-48A2-8F11-B001D3DC0376}.Release|Any CPU.Build.0 = Release|Any CPU
		{5A02DAA4-07D4-48A2-8F11-B001D3DC0376}.Release|x64.ActiveCfg = Release|Any CPU
		{5A02DAA4-07D4-48A2-8F11-B001D3DC0376}.Release|x64.Build.0 = Release|Any CPU
		{5A02DAA4-07D4-48A2-8F11-B001D3DC0376}.Release|x86.ActiveCfg = Release|Any CPU
		{5A02DAA4-07D4-48A2-8F11-B001D3DC0376}.Release|x86.Build.0 = Release|Any CPU
		{3587B8A6-CD7F-4CA5-B976-D9A5E8FA3FD4}.Debug|Any CPU.ActiveCfg = Debug|Any CPU
		{3587B8A6-CD7F-4CA5-B976-D9A5E8FA3FD4}.Debug|Any CPU.Build.0 = Debug|Any CPU
		{3587B8A6-CD7F-4CA5-B976-D9A5E8FA3FD4}.Debug|x64.ActiveCfg = Debug|Any CPU
		{3587B8A6-CD7F-4CA5-B976-D9A5E8FA3FD4}.Debug|x64.Build.0 = Debug|Any CPU
		{3587B8A6-CD7F-4CA5-B976-D9A5E8FA3FD4}.Debug|x86.ActiveCfg = Debug|Any CPU
		{3587B8A6-CD7F-4CA5-B976-D9A5E8FA3FD4}.Debug|x86.Build.0 = Debug|Any CPU
		{3587B8A6-CD7F-4CA5-B976-D9A5E8FA3FD4}.Release|Any CPU.ActiveCfg = Release|Any CPU
		{3587B8A6-CD7F-4CA5-B976-D9A5E8FA3FD4}.Release|Any CPU.Build.0 = Release|Any CPU
		{3587B8A6-CD7F-4CA5-B976-D9A5E8FA3FD4}.Release|x64.ActiveCfg = Release|Any CPU
		{3587B8A6-CD7F-4CA5-B976-D9A5E8FA3FD4}.Release|x64.Build.0 = Release|Any CPU
		{3587B8A6-CD7F-4CA5-B976-D9A5E8FA3FD4}.Release|x86.ActiveCfg = Release|Any CPU
		{3587B8A6-CD7F-4CA5-B976-D9A5E8FA3FD4}.Release|x86.Build.0 = Release|Any CPU
		{66A211CB-319D-4FAE-AC4D-B5EB73B4E3F3}.Debug|Any CPU.ActiveCfg = Debug|Any CPU
		{66A211CB-319D-4FAE-AC4D-B5EB73B4E3F3}.Debug|Any CPU.Build.0 = Debug|Any CPU
		{66A211CB-319D-4FAE-AC4D-B5EB73B4E3F3}.Debug|x64.ActiveCfg = Debug|Any CPU
		{66A211CB-319D-4FAE-AC4D-B5EB73B4E3F3}.Debug|x64.Build.0 = Debug|Any CPU
		{66A211CB-319D-4FAE-AC4D-B5EB73B4E3F3}.Debug|x86.ActiveCfg = Debug|Any CPU
		{66A211CB-319D-4FAE-AC4D-B5EB73B4E3F3}.Debug|x86.Build.0 = Debug|Any CPU
		{66A211CB-319D-4FAE-AC4D-B5EB73B4E3F3}.Release|Any CPU.ActiveCfg = Release|Any CPU
		{66A211CB-319D-4FAE-AC4D-B5EB73B4E3F3}.Release|Any CPU.Build.0 = Release|Any CPU
		{66A211CB-319D-4FAE-AC4D-B5EB73B4E3F3}.Release|x64.ActiveCfg = Release|Any CPU
		{66A211CB-319D-4FAE-AC4D-B5EB73B4E3F3}.Release|x64.Build.0 = Release|Any CPU
		{66A211CB-319D-4FAE-AC4D-B5EB73B4E3F3}.Release|x86.ActiveCfg = Release|Any CPU
		{66A211CB-319D-4FAE-AC4D-B5EB73B4E3F3}.Release|x86.Build.0 = Release|Any CPU
		{3156768F-8998-4314-A75C-D3CCF13D8934}.Debug|Any CPU.ActiveCfg = Debug|Any CPU
		{3156768F-8998-4314-A75C-D3CCF13D8934}.Debug|Any CPU.Build.0 = Debug|Any CPU
		{3156768F-8998-4314-A75C-D3CCF13D8934}.Debug|x64.ActiveCfg = Debug|Any CPU
		{3156768F-8998-4314-A75C-D3CCF13D8934}.Debug|x64.Build.0 = Debug|Any CPU
		{3156768F-8998-4314-A75C-D3CCF13D8934}.Debug|x86.ActiveCfg = Debug|Any CPU
		{3156768F-8998-4314-A75C-D3CCF13D8934}.Debug|x86.Build.0 = Debug|Any CPU
		{3156768F-8998-4314-A75C-D3CCF13D8934}.Release|Any CPU.ActiveCfg = Release|Any CPU
		{3156768F-8998-4314-A75C-D3CCF13D8934}.Release|Any CPU.Build.0 = Release|Any CPU
		{3156768F-8998-4314-A75C-D3CCF13D8934}.Release|x64.ActiveCfg = Release|Any CPU
		{3156768F-8998-4314-A75C-D3CCF13D8934}.Release|x64.Build.0 = Release|Any CPU
		{3156768F-8998-4314-A75C-D3CCF13D8934}.Release|x86.ActiveCfg = Release|Any CPU
		{3156768F-8998-4314-A75C-D3CCF13D8934}.Release|x86.Build.0 = Release|Any CPU
		{CDA921A4-9CDE-4360-83EC-D45CB4B99660}.Debug|Any CPU.ActiveCfg = Debug|Any CPU
		{CDA921A4-9CDE-4360-83EC-D45CB4B99660}.Debug|Any CPU.Build.0 = Debug|Any CPU
		{CDA921A4-9CDE-4360-83EC-D45CB4B99660}.Debug|x64.ActiveCfg = Debug|Any CPU
		{CDA921A4-9CDE-4360-83EC-D45CB4B99660}.Debug|x64.Build.0 = Debug|Any CPU
		{CDA921A4-9CDE-4360-83EC-D45CB4B99660}.Debug|x86.ActiveCfg = Debug|Any CPU
		{CDA921A4-9CDE-4360-83EC-D45CB4B99660}.Debug|x86.Build.0 = Debug|Any CPU
		{CDA921A4-9CDE-4360-83EC-D45CB4B99660}.Release|Any CPU.ActiveCfg = Release|Any CPU
		{CDA921A4-9CDE-4360-83EC-D45CB4B99660}.Release|Any CPU.Build.0 = Release|Any CPU
		{CDA921A4-9CDE-4360-83EC-D45CB4B99660}.Release|x64.ActiveCfg = Release|Any CPU
		{CDA921A4-9CDE-4360-83EC-D45CB4B99660}.Release|x64.Build.0 = Release|Any CPU
		{CDA921A4-9CDE-4360-83EC-D45CB4B99660}.Release|x86.ActiveCfg = Release|Any CPU
		{CDA921A4-9CDE-4360-83EC-D45CB4B99660}.Release|x86.Build.0 = Release|Any CPU
		{FD713E85-55D4-4842-A755-5119F1C21121}.Debug|Any CPU.ActiveCfg = Debug|Any CPU
		{FD713E85-55D4-4842-A755-5119F1C21121}.Debug|Any CPU.Build.0 = Debug|Any CPU
		{FD713E85-55D4-4842-A755-5119F1C21121}.Debug|x64.ActiveCfg = Debug|Any CPU
		{FD713E85-55D4-4842-A755-5119F1C21121}.Debug|x64.Build.0 = Debug|Any CPU
		{FD713E85-55D4-4842-A755-5119F1C21121}.Debug|x86.ActiveCfg = Debug|Any CPU
		{FD713E85-55D4-4842-A755-5119F1C21121}.Debug|x86.Build.0 = Debug|Any CPU
		{FD713E85-55D4-4842-A755-5119F1C21121}.Release|Any CPU.ActiveCfg = Release|Any CPU
		{FD713E85-55D4-4842-A755-5119F1C21121}.Release|Any CPU.Build.0 = Release|Any CPU
		{FD713E85-55D4-4842-A755-5119F1C21121}.Release|x64.ActiveCfg = Release|Any CPU
		{FD713E85-55D4-4842-A755-5119F1C21121}.Release|x64.Build.0 = Release|Any CPU
		{FD713E85-55D4-4842-A755-5119F1C21121}.Release|x86.ActiveCfg = Release|Any CPU
		{FD713E85-55D4-4842-A755-5119F1C21121}.Release|x86.Build.0 = Release|Any CPU
		{F032F3A0-8A21-48E4-81B5-E4064313C9D2}.Debug|Any CPU.ActiveCfg = Debug|Any CPU
		{F032F3A0-8A21-48E4-81B5-E4064313C9D2}.Debug|Any CPU.Build.0 = Debug|Any CPU
		{F032F3A0-8A21-48E4-81B5-E4064313C9D2}.Debug|x64.ActiveCfg = Debug|Any CPU
		{F032F3A0-8A21-48E4-81B5-E4064313C9D2}.Debug|x64.Build.0 = Debug|Any CPU
		{F032F3A0-8A21-48E4-81B5-E4064313C9D2}.Debug|x86.ActiveCfg = Debug|Any CPU
		{F032F3A0-8A21-48E4-81B5-E4064313C9D2}.Debug|x86.Build.0 = Debug|Any CPU
		{F032F3A0-8A21-48E4-81B5-E4064313C9D2}.Release|Any CPU.ActiveCfg = Release|Any CPU
		{F032F3A0-8A21-48E4-81B5-E4064313C9D2}.Release|Any CPU.Build.0 = Release|Any CPU
		{F032F3A0-8A21-48E4-81B5-E4064313C9D2}.Release|x64.ActiveCfg = Release|Any CPU
		{F032F3A0-8A21-48E4-81B5-E4064313C9D2}.Release|x64.Build.0 = Release|Any CPU
		{F032F3A0-8A21-48E4-81B5-E4064313C9D2}.Release|x86.ActiveCfg = Release|Any CPU
		{F032F3A0-8A21-48E4-81B5-E4064313C9D2}.Release|x86.Build.0 = Release|Any CPU
		{20B58F39-D57E-4EEB-9328-B5B980623BD1}.Debug|Any CPU.ActiveCfg = Debug|Any CPU
		{20B58F39-D57E-4EEB-9328-B5B980623BD1}.Debug|Any CPU.Build.0 = Debug|Any CPU
		{20B58F39-D57E-4EEB-9328-B5B980623BD1}.Debug|x64.ActiveCfg = Debug|Any CPU
		{20B58F39-D57E-4EEB-9328-B5B980623BD1}.Debug|x64.Build.0 = Debug|Any CPU
		{20B58F39-D57E-4EEB-9328-B5B980623BD1}.Debug|x86.ActiveCfg = Debug|Any CPU
		{20B58F39-D57E-4EEB-9328-B5B980623BD1}.Debug|x86.Build.0 = Debug|Any CPU
		{20B58F39-D57E-4EEB-9328-B5B980623BD1}.Release|Any CPU.ActiveCfg = Release|Any CPU
		{20B58F39-D57E-4EEB-9328-B5B980623BD1}.Release|Any CPU.Build.0 = Release|Any CPU
		{20B58F39-D57E-4EEB-9328-B5B980623BD1}.Release|x64.ActiveCfg = Release|Any CPU
		{20B58F39-D57E-4EEB-9328-B5B980623BD1}.Release|x64.Build.0 = Release|Any CPU
		{20B58F39-D57E-4EEB-9328-B5B980623BD1}.Release|x86.ActiveCfg = Release|Any CPU
		{20B58F39-D57E-4EEB-9328-B5B980623BD1}.Release|x86.Build.0 = Release|Any CPU
		{7B49901E-622B-4603-BED4-AD7D4F321E34}.Debug|Any CPU.ActiveCfg = Debug|Any CPU
		{7B49901E-622B-4603-BED4-AD7D4F321E34}.Debug|Any CPU.Build.0 = Debug|Any CPU
		{7B49901E-622B-4603-BED4-AD7D4F321E34}.Debug|x64.ActiveCfg = Debug|Any CPU
		{7B49901E-622B-4603-BED4-AD7D4F321E34}.Debug|x64.Build.0 = Debug|Any CPU
		{7B49901E-622B-4603-BED4-AD7D4F321E34}.Debug|x86.ActiveCfg = Debug|Any CPU
		{7B49901E-622B-4603-BED4-AD7D4F321E34}.Debug|x86.Build.0 = Debug|Any CPU
		{7B49901E-622B-4603-BED4-AD7D4F321E34}.Release|Any CPU.ActiveCfg = Release|Any CPU
		{7B49901E-622B-4603-BED4-AD7D4F321E34}.Release|Any CPU.Build.0 = Release|Any CPU
		{7B49901E-622B-4603-BED4-AD7D4F321E34}.Release|x64.ActiveCfg = Release|Any CPU
		{7B49901E-622B-4603-BED4-AD7D4F321E34}.Release|x64.Build.0 = Release|Any CPU
		{7B49901E-622B-4603-BED4-AD7D4F321E34}.Release|x86.ActiveCfg = Release|Any CPU
		{7B49901E-622B-4603-BED4-AD7D4F321E34}.Release|x86.Build.0 = Release|Any CPU
		{36C3ACEA-7A2A-46E8-9EB7-4813A6D34706}.Debug|Any CPU.ActiveCfg = Debug|Any CPU
		{36C3ACEA-7A2A-46E8-9EB7-4813A6D34706}.Debug|Any CPU.Build.0 = Debug|Any CPU
		{36C3ACEA-7A2A-46E8-9EB7-4813A6D34706}.Debug|x64.ActiveCfg = Debug|Any CPU
		{36C3ACEA-7A2A-46E8-9EB7-4813A6D34706}.Debug|x64.Build.0 = Debug|Any CPU
		{36C3ACEA-7A2A-46E8-9EB7-4813A6D34706}.Debug|x86.ActiveCfg = Debug|Any CPU
		{36C3ACEA-7A2A-46E8-9EB7-4813A6D34706}.Debug|x86.Build.0 = Debug|Any CPU
		{36C3ACEA-7A2A-46E8-9EB7-4813A6D34706}.Release|Any CPU.ActiveCfg = Release|Any CPU
		{36C3ACEA-7A2A-46E8-9EB7-4813A6D34706}.Release|Any CPU.Build.0 = Release|Any CPU
		{36C3ACEA-7A2A-46E8-9EB7-4813A6D34706}.Release|x64.ActiveCfg = Release|Any CPU
		{36C3ACEA-7A2A-46E8-9EB7-4813A6D34706}.Release|x64.Build.0 = Release|Any CPU
		{36C3ACEA-7A2A-46E8-9EB7-4813A6D34706}.Release|x86.ActiveCfg = Release|Any CPU
		{36C3ACEA-7A2A-46E8-9EB7-4813A6D34706}.Release|x86.Build.0 = Release|Any CPU
		{81D09009-E36A-4C0B-8974-594814496649}.Debug|Any CPU.ActiveCfg = Debug|Any CPU
		{81D09009-E36A-4C0B-8974-594814496649}.Debug|Any CPU.Build.0 = Debug|Any CPU
		{81D09009-E36A-4C0B-8974-594814496649}.Debug|x64.ActiveCfg = Debug|Any CPU
		{81D09009-E36A-4C0B-8974-594814496649}.Debug|x64.Build.0 = Debug|Any CPU
		{81D09009-E36A-4C0B-8974-594814496649}.Debug|x86.ActiveCfg = Debug|Any CPU
		{81D09009-E36A-4C0B-8974-594814496649}.Debug|x86.Build.0 = Debug|Any CPU
		{81D09009-E36A-4C0B-8974-594814496649}.Release|Any CPU.ActiveCfg = Release|Any CPU
		{81D09009-E36A-4C0B-8974-594814496649}.Release|Any CPU.Build.0 = Release|Any CPU
		{81D09009-E36A-4C0B-8974-594814496649}.Release|x64.ActiveCfg = Release|Any CPU
		{81D09009-E36A-4C0B-8974-594814496649}.Release|x64.Build.0 = Release|Any CPU
		{81D09009-E36A-4C0B-8974-594814496649}.Release|x86.ActiveCfg = Release|Any CPU
		{81D09009-E36A-4C0B-8974-594814496649}.Release|x86.Build.0 = Release|Any CPU
		{72A058B9-5859-42D0-BDFC-BC2A1ACCF955}.Debug|Any CPU.ActiveCfg = Debug|Any CPU
		{72A058B9-5859-42D0-BDFC-BC2A1ACCF955}.Debug|Any CPU.Build.0 = Debug|Any CPU
		{72A058B9-5859-42D0-BDFC-BC2A1ACCF955}.Debug|x64.ActiveCfg = Debug|Any CPU
		{72A058B9-5859-42D0-BDFC-BC2A1ACCF955}.Debug|x64.Build.0 = Debug|Any CPU
		{72A058B9-5859-42D0-BDFC-BC2A1ACCF955}.Debug|x86.ActiveCfg = Debug|Any CPU
		{72A058B9-5859-42D0-BDFC-BC2A1ACCF955}.Debug|x86.Build.0 = Debug|Any CPU
		{72A058B9-5859-42D0-BDFC-BC2A1ACCF955}.Release|Any CPU.ActiveCfg = Release|Any CPU
		{72A058B9-5859-42D0-BDFC-BC2A1ACCF955}.Release|Any CPU.Build.0 = Release|Any CPU
		{72A058B9-5859-42D0-BDFC-BC2A1ACCF955}.Release|x64.ActiveCfg = Release|Any CPU
		{72A058B9-5859-42D0-BDFC-BC2A1ACCF955}.Release|x64.Build.0 = Release|Any CPU
		{72A058B9-5859-42D0-BDFC-BC2A1ACCF955}.Release|x86.ActiveCfg = Release|Any CPU
		{72A058B9-5859-42D0-BDFC-BC2A1ACCF955}.Release|x86.Build.0 = Release|Any CPU
		{A7CAA2B6-DAC6-498C-8628-9ADDA4557452}.Debug|Any CPU.ActiveCfg = Debug|Any CPU
		{A7CAA2B6-DAC6-498C-8628-9ADDA4557452}.Debug|Any CPU.Build.0 = Debug|Any CPU
		{A7CAA2B6-DAC6-498C-8628-9ADDA4557452}.Debug|x64.ActiveCfg = Debug|Any CPU
		{A7CAA2B6-DAC6-498C-8628-9ADDA4557452}.Debug|x64.Build.0 = Debug|Any CPU
		{A7CAA2B6-DAC6-498C-8628-9ADDA4557452}.Debug|x86.ActiveCfg = Debug|Any CPU
		{A7CAA2B6-DAC6-498C-8628-9ADDA4557452}.Debug|x86.Build.0 = Debug|Any CPU
		{A7CAA2B6-DAC6-498C-8628-9ADDA4557452}.Release|Any CPU.ActiveCfg = Release|Any CPU
		{A7CAA2B6-DAC6-498C-8628-9ADDA4557452}.Release|Any CPU.Build.0 = Release|Any CPU
		{A7CAA2B6-DAC6-498C-8628-9ADDA4557452}.Release|x64.ActiveCfg = Release|Any CPU
		{A7CAA2B6-DAC6-498C-8628-9ADDA4557452}.Release|x64.Build.0 = Release|Any CPU
		{A7CAA2B6-DAC6-498C-8628-9ADDA4557452}.Release|x86.ActiveCfg = Release|Any CPU
		{A7CAA2B6-DAC6-498C-8628-9ADDA4557452}.Release|x86.Build.0 = Release|Any CPU
		{CEE1F34C-5D28-4960-8E52-7D55B6FAA7F6}.Debug|Any CPU.ActiveCfg = Debug|Any CPU
		{CEE1F34C-5D28-4960-8E52-7D55B6FAA7F6}.Debug|Any CPU.Build.0 = Debug|Any CPU
		{CEE1F34C-5D28-4960-8E52-7D55B6FAA7F6}.Debug|x64.ActiveCfg = Debug|Any CPU
		{CEE1F34C-5D28-4960-8E52-7D55B6FAA7F6}.Debug|x64.Build.0 = Debug|Any CPU
		{CEE1F34C-5D28-4960-8E52-7D55B6FAA7F6}.Debug|x86.ActiveCfg = Debug|Any CPU
		{CEE1F34C-5D28-4960-8E52-7D55B6FAA7F6}.Debug|x86.Build.0 = Debug|Any CPU
		{CEE1F34C-5D28-4960-8E52-7D55B6FAA7F6}.Release|Any CPU.ActiveCfg = Release|Any CPU
		{CEE1F34C-5D28-4960-8E52-7D55B6FAA7F6}.Release|Any CPU.Build.0 = Release|Any CPU
		{CEE1F34C-5D28-4960-8E52-7D55B6FAA7F6}.Release|x64.ActiveCfg = Release|Any CPU
		{CEE1F34C-5D28-4960-8E52-7D55B6FAA7F6}.Release|x64.Build.0 = Release|Any CPU
		{CEE1F34C-5D28-4960-8E52-7D55B6FAA7F6}.Release|x86.ActiveCfg = Release|Any CPU
		{CEE1F34C-5D28-4960-8E52-7D55B6FAA7F6}.Release|x86.Build.0 = Release|Any CPU
		{DF3C18ED-324E-4F2C-A768-988C209E3C6C}.Debug|Any CPU.ActiveCfg = Debug|Any CPU
		{DF3C18ED-324E-4F2C-A768-988C209E3C6C}.Debug|Any CPU.Build.0 = Debug|Any CPU
		{DF3C18ED-324E-4F2C-A768-988C209E3C6C}.Debug|x64.ActiveCfg = Debug|Any CPU
		{DF3C18ED-324E-4F2C-A768-988C209E3C6C}.Debug|x64.Build.0 = Debug|Any CPU
		{DF3C18ED-324E-4F2C-A768-988C209E3C6C}.Debug|x86.ActiveCfg = Debug|Any CPU
		{DF3C18ED-324E-4F2C-A768-988C209E3C6C}.Debug|x86.Build.0 = Debug|Any CPU
		{DF3C18ED-324E-4F2C-A768-988C209E3C6C}.Release|Any CPU.ActiveCfg = Release|Any CPU
		{DF3C18ED-324E-4F2C-A768-988C209E3C6C}.Release|Any CPU.Build.0 = Release|Any CPU
		{DF3C18ED-324E-4F2C-A768-988C209E3C6C}.Release|x64.ActiveCfg = Release|Any CPU
		{DF3C18ED-324E-4F2C-A768-988C209E3C6C}.Release|x64.Build.0 = Release|Any CPU
		{DF3C18ED-324E-4F2C-A768-988C209E3C6C}.Release|x86.ActiveCfg = Release|Any CPU
		{DF3C18ED-324E-4F2C-A768-988C209E3C6C}.Release|x86.Build.0 = Release|Any CPU
	EndGlobalSection
	GlobalSection(SolutionProperties) = preSolution
		HideSolutionNode = FALSE
	EndGlobalSection
	GlobalSection(NestedProjects) = preSolution
		{BF99A9DB-FA78-6E3A-4ED1-56EF9B807B99} = {4D762BD5-FCDB-FB0B-1E5C-0C2B7B8EF8FE}
		{3D3F44F8-4B07-4015-9903-35688A4B7D83} = {BF99A9DB-FA78-6E3A-4ED1-56EF9B807B99}
		{5A02DAA4-07D4-48A2-8F11-B001D3DC0376} = {BF99A9DB-FA78-6E3A-4ED1-56EF9B807B99}
		{F3A35AF3-F202-85A3-B1E2-CF34622BAF72} = {4D762BD5-FCDB-FB0B-1E5C-0C2B7B8EF8FE}
		{3587B8A6-CD7F-4CA5-B976-D9A5E8FA3FD4} = {F3A35AF3-F202-85A3-B1E2-CF34622BAF72}
		{66A211CB-319D-4FAE-AC4D-B5EB73B4E3F3} = {F3A35AF3-F202-85A3-B1E2-CF34622BAF72}
		{3156768F-8998-4314-A75C-D3CCF13D8934} = {F3A35AF3-F202-85A3-B1E2-CF34622BAF72}
		{CDA921A4-9CDE-4360-83EC-D45CB4B99660} = {F3A35AF3-F202-85A3-B1E2-CF34622BAF72}
		{FD713E85-55D4-4842-A755-5119F1C21121} = {F3A35AF3-F202-85A3-B1E2-CF34622BAF72}
		{F032F3A0-8A21-48E4-81B5-E4064313C9D2} = {F3A35AF3-F202-85A3-B1E2-CF34622BAF72}
		{20B58F39-D57E-4EEB-9328-B5B980623BD1} = {F3A35AF3-F202-85A3-B1E2-CF34622BAF72}
		{7B49901E-622B-4603-BED4-AD7D4F321E34} = {F3A35AF3-F202-85A3-B1E2-CF34622BAF72}
		{36C3ACEA-7A2A-46E8-9EB7-4813A6D34706} = {F3A35AF3-F202-85A3-B1E2-CF34622BAF72}
		{81D09009-E36A-4C0B-8974-594814496649} = {F3A35AF3-F202-85A3-B1E2-CF34622BAF72}
		{4754C879-9AC1-2115-DFC2-A1D11AB282FC} = {4D762BD5-FCDB-FB0B-1E5C-0C2B7B8EF8FE}
		{72A058B9-5859-42D0-BDFC-BC2A1ACCF955} = {4754C879-9AC1-2115-DFC2-A1D11AB282FC}
		{A7CAA2B6-DAC6-498C-8628-9ADDA4557452} = {4754C879-9AC1-2115-DFC2-A1D11AB282FC}
		{CEE1F34C-5D28-4960-8E52-7D55B6FAA7F6} = {4754C879-9AC1-2115-DFC2-A1D11AB282FC}
		{DF3C18ED-324E-4F2C-A768-988C209E3C6C} = {4754C879-9AC1-2115-DFC2-A1D11AB282FC}
	EndGlobalSection
EndGlobal
